PODS:
  - Alamofire (4.5.1)
  - CSV.swift (2.1.0)
  - SwiftyJSON (3.1.4)

DEPENDENCIES:
  - Alamofire (~> 4.5)
  - CSV.swift (~> 2.1.0)
  - SwiftyJSON

SPEC CHECKSUMS:
  Alamofire: 2d95912bf4c34f164fdfc335872e8c312acaea4a
  CSV.swift: a24fb11c17875523783fe963592762ff163ef8ea
  SwiftyJSON: c2842d878f95482ffceec5709abc3d05680c0220

PODFILE CHECKSUM: d58a9686631e89185a0240aea9d1a7f010dc1437

COCOAPODS: 1.4.0
